PODS:
  - connectivity_plus_macos (0.0.1):
    - FlutterMacOS
    - ReachabilitySwift
  - flutter_tts (0.0.1):
    - FlutterMacOS
  - FlutterMacOS (1.0.0)
  - FMDB (2.7.5):
    - FMDB/standard (= 2.7.5)
  - FMDB/standard (2.7.5)
  - path_provider_macos (0.0.1):
    - FlutterMacOS
  - ReachabilitySwift (5.0.0)
  - shared_preferences_macos (0.0.1):
    - FlutterMacOS
  - sqflite (0.0.2):
    - FlutterMacOS
    - FMDB (>= 2.7.5)

DEPENDENCIES:
  - connectivity_plus_macos (from `Flutter/ephemeral/.symlinks/plugins/connectivity_plus_macos/macos`)
  - flutter_tts (from `Flutter/ephemeral/.symlinks/plugins/flutter_tts/macos`)
  - FlutterMacOS (from `Flutter/ephemeral`)
  - path_provider_macos (from `Flutter/ephemeral/.symlinks/plugins/path_provider_macos/macos`)
  - shared_preferences_macos (from `Flutter/ephemeral/.symlinks/plugins/shared_preferences_macos/macos`)
  - sqflite (from `Flutter/ephemeral/.symlinks/plugins/sqflite/macos`)

SPEC REPOS:
  trunk:
    - FMDB
    - ReachabilitySwift

EXTERNAL SOURCES:
  connectivity_plus_macos:
    :path: Flutter/ephemeral/.symlinks/plugins/connectivity_plus_macos/macos
  flutter_tts:
    :path: Flutter/ephemeral/.symlinks/plugins/flutter_tts/macos
  FlutterMacOS:
    :path: Flutter/ephemeral
  path_provider_macos:
    :path: Flutter/ephemeral/.symlinks/plugins/path_provider_macos/macos
  shared_preferences_macos:
    :path: Flutter/ephemeral/.symlinks/plugins/shared_preferences_macos/macos
  sqflite:
    :path: Flutter/ephemeral/.symlinks/plugins/sqflite/macos

SPEC CHECKSUMS:
  connectivity_plus_macos: f6e86fd000e971d361e54b5afcadc8c8fa773308
  flutter_tts: 64651204e5d276ffea5a910f942d5e9785a96085
  FlutterMacOS: 57701585bf7de1b3fc2bb61f6378d73bbdea8424
  FMDB: 2ce00b547f966261cd18927a3ddb07cb6f3db82a
  path_provider_macos: 3c0c3b4b0d4a76d2bf989a913c2de869c5641a19
  ReachabilitySwift: 985039c6f7b23a1da463388634119492ff86c825
  shared_preferences_macos: a64dc611287ed6cbe28fd1297898db1336975727
  sqflite: a5789cceda41d54d23f31d6de539d65bb14100ea

PODFILE CHECKSUM: c15c17fbf9c9a2f9a0142569d2f17e2f1d10a488

COCOAPODS: 1.10.1
